# This file is automatically @generated by Poetry 1.5.1 and should not be changed by hand.

[[package]]
name = "cython"
version = "3.0.8"
description = "The Cython compiler for writing C extensions in the Python language."
optional = false
python-versions = ">=2.7, !=3.0.*, !=3.1.*, !=3.2.*, !=3.3.*"
files = [
    {file = "Cython-3.0.8-cp310-cp310-macosx_10_9_x86_64.whl", hash = "sha256:a846e0a38e2b24e9a5c5dc74b0e54c6e29420d88d1dafabc99e0fc0f3e338636"},
    {file = "Cython-3.0.8-cp310-cp310-manylinux_2_17_aarch64.manylinux2014_aarch64.whl", hash = "sha256:45523fdc2b78d79b32834cc1cc12dc2ca8967af87e22a3ee1bff20e77c7f5520"},
    {file = "Cython-3.0.8-cp310-cp310-manylinux_2_17_x86_64.manylinux2014_x86_64.whl", hash = "sha256:baa0b7f3f841fe087410cab66778e2d3fb20ae2d2078a2be3dffe66c6574be39"},
    {file = "Cython-3.0.8-cp310-cp310-manylinux_2_5_i686.manylinux1_i686.manylinux_2_17_i686.manylinux2014_i686.whl", hash = "sha256:e87294e33e40c289c77a135f491cd721bd089f193f956f7b8ed5aa2d0b8c558f"},
    {file = "Cython-3.0.8-cp310-cp310-musllinux_1_1_aarch64.whl", hash = "sha256:a1df7a129344b1215c20096d33c00193437df1a8fcca25b71f17c23b1a44f782"},
    {file = "Cython-3.0.8-cp310-cp310-musllinux_1_1_x86_64.whl", hash = "sha256:13c2a5e57a0358da467d97667297bf820b62a1a87ae47c5f87938b9bb593acbd"},
    {file = "Cython-3.0.8-cp310-cp310-win32.whl", hash = "sha256:96b028f044f5880e3cb18ecdcfc6c8d3ce9d0af28418d5ab464509f26d8adf12"},
    {file = "Cython-3.0.8-cp310-cp310-win_amd64.whl", hash = "sha256:8140597a8b5cc4f119a1190f5a2228a84f5ca6d8d9ec386cfce24663f48b2539"},
    {file = "Cython-3.0.8-cp311-cp311-macosx_10_9_x86_64.whl", hash = "sha256:aae26f9663e50caf9657148403d9874eea41770ecdd6caf381d177c2b1bb82ba"},
    {file = "Cython-3.0.8-cp311-cp311-manylinux_2_17_aarch64.manylinux2014_aarch64.whl", hash = "sha256:547eb3cdb2f8c6f48e6865d5a741d9dd051c25b3ce076fbca571727977b28ac3"},
    {file = "Cython-3.0.8-cp311-cp311-manylinux_2_17_x86_64.manylinux2014_x86_64.whl", hash = "sha256:5a567d4b9ba70b26db89d75b243529de9e649a2f56384287533cf91512705bee"},
    {file = "Cython-3.0.8-cp311-cp311-manylinux_2_5_i686.manylinux1_i686.manylinux_2_17_i686.manylinux2014_i686.whl", hash = "sha256:51d1426263b0e82fb22bda8ea60dc77a428581cc19e97741011b938445d383f1"},
    {file = "Cython-3.0.8-cp311-cp311-musllinux_1_1_aarch64.whl", hash = "sha256:c26daaeccda072459b48d211415fd1e5507c06bcd976fa0d5b8b9f1063467d7b"},
    {file = "Cython-3.0.8-cp311-cp311-musllinux_1_1_x86_64.whl", hash = "sha256:289ce7838208211cd166e975865fd73b0649bf118170b6cebaedfbdaf4a37795"},
    {file = "Cython-3.0.8-cp311-cp311-win32.whl", hash = "sha256:c8aa05f5e17f8042a3be052c24f2edc013fb8af874b0bf76907d16c51b4e7871"},
    {file = "Cython-3.0.8-cp311-cp311-win_amd64.whl", hash = "sha256:000dc9e135d0eec6ecb2b40a5b02d0868a2f8d2e027a41b0fe16a908a9e6de02"},
    {file = "Cython-3.0.8-cp312-cp312-macosx_10_9_x86_64.whl", hash = "sha256:90d3fe31db55685d8cb97d43b0ec39ef614fcf660f83c77ed06aa670cb0e164f"},
    {file = "Cython-3.0.8-cp312-cp312-manylinux_2_17_aarch64.manylinux2014_aarch64.whl", hash = "sha256:e24791ddae2324e88e3c902a765595c738f19ae34ee66bfb1a6dac54b1833419"},
    {file = "Cython-3.0.8-cp312-cp312-manylinux_2_17_x86_64.manylinux2014_x86_64.whl", hash = "sha256:2f020fa1c0552052e0660790b8153b79e3fc9a15dbd8f1d0b841fe5d204a6ae6"},
    {file = "Cython-3.0.8-cp312-cp312-manylinux_2_5_i686.manylinux1_i686.manylinux_2_17_i686.manylinux2014_i686.whl", hash = "sha256:18bfa387d7a7f77d7b2526af69a65dbd0b731b8d941aaff5becff8e21f6d7717"},
    {file = "Cython-3.0.8-cp312-cp312-musllinux_1_1_aarch64.whl", hash = "sha256:fe81b339cffd87c0069c6049b4d33e28bdd1874625ee515785bf42c9fdff3658"},
    {file = "Cython-3.0.8-cp312-cp312-musllinux_1_1_x86_64.whl", hash = "sha256:80fd94c076e1e1b1ee40a309be03080b75f413e8997cddcf401a118879863388"},
    {file = "Cython-3.0.8-cp312-cp312-win32.whl", hash = "sha256:85077915a93e359a9b920280d214dc0cf8a62773e1f3d7d30fab8ea4daed670c"},
    {file = "Cython-3.0.8-cp312-cp312-win_amd64.whl", hash = "sha256:0cb2dcc565c7851f75d496f724a384a790fab12d1b82461b663e66605bec429a"},
    {file = "Cython-3.0.8-cp36-cp36m-macosx_10_9_x86_64.whl", hash = "sha256:870d2a0a7e3cbd5efa65aecdb38d715ea337a904ea7bb22324036e78fb7068e7"},
    {file = "Cython-3.0.8-cp36-cp36m-manylinux_2_17_aarch64.manylinux2014_aarch64.whl", hash = "sha256:7e8f2454128974905258d86534f4fd4f91d2f1343605657ecab779d80c9d6d5e"},
    {file = "Cython-3.0.8-cp36-cp36m-manylinux_2_17_x86_64.manylinux2014_x86_64.whl", hash = "sha256:c1949d6aa7bc792554bee2b67a9fe41008acbfe22f4f8df7b6ec7b799613a4b3"},
    {file = "Cython-3.0.8-cp36-cp36m-manylinux_2_5_i686.manylinux1_i686.manylinux_2_17_i686.manylinux2014_i686.whl", hash = "sha256:c9f2c6e1b8f3bcd6cb230bac1843f85114780bb8be8614855b1628b36bb510e0"},
    {file = "Cython-3.0.8-cp36-cp36m-musllinux_1_1_aarch64.whl", hash = "sha256:05d7eddc668ae7993643f32c7661f25544e791edb745758672ea5b1a82ecffa6"},
    {file = "Cython-3.0.8-cp36-cp36m-musllinux_1_1_x86_64.whl", hash = "sha256:bfabe115deef4ada5d23c87bddb11289123336dcc14347011832c07db616dd93"},
    {file = "Cython-3.0.8-cp36-cp36m-win32.whl", hash = "sha256:0c38c9f0bcce2df0c3347285863621be904ac6b64c5792d871130569d893efd7"},
    {file = "Cython-3.0.8-cp36-cp36m-win_amd64.whl", hash = "sha256:6c46939c3983217d140999de7c238c3141f56b1ea349e47ca49cae899969aa2c"},
    {file = "Cython-3.0.8-cp37-cp37m-macosx_10_9_x86_64.whl", hash = "sha256:115f0a50f752da6c99941b103b5cb090da63eb206abbc7c2ad33856ffc73f064"},
    {file = "Cython-3.0.8-cp37-cp37m-manylinux_2_17_aarch64.manylinux2014_aarch64.whl", hash = "sha256:c9c0f29246734561c90f36e70ed0506b61aa3d044e4cc4cba559065a2a741fae"},
    {file = "Cython-3.0.8-cp37-cp37m-manylinux_2_17_x86_64.manylinux2014_x86_64.whl", hash = "sha256:1ab75242869ff71e5665fe5c96f3378e79e792fa3c11762641b6c5afbbbbe026"},
    {file = "Cython-3.0.8-cp37-cp37m-manylinux_2_5_i686.manylinux1_i686.manylinux_2_17_i686.manylinux2014_i686.whl", hash = "sha256:6717c06e9cfc6c1df18543cd31a21f5d8e378a40f70c851fa2d34f0597037abc"},
    {file = "Cython-3.0.8-cp37-cp37m-musllinux_1_1_aarch64.whl", hash = "sha256:9d3f74388db378a3c6fd06e79a809ed98df3f56484d317b81ee762dbf3c263e0"},
    {file = "Cython-3.0.8-cp37-cp37m-musllinux_1_1_x86_64.whl", hash = "sha256:ae7ac561fd8253a9ae96311e91d12af5f701383564edc11d6338a7b60b285a6f"},
    {file = "Cython-3.0.8-cp37-cp37m-win32.whl", hash = "sha256:97b2a45845b993304f1799664fa88da676ee19442b15fdcaa31f9da7e1acc434"},
    {file = "Cython-3.0.8-cp37-cp37m-win_amd64.whl", hash = "sha256:9e2be2b340fea46fb849d378f9b80d3c08ff2e81e2bfbcdb656e2e3cd8c6b2dc"},
    {file = "Cython-3.0.8-cp38-cp38-macosx_10_9_x86_64.whl", hash = "sha256:2cde23c555470db3f149ede78b518e8274853745289c956a0e06ad8d982e4db9"},
    {file = "Cython-3.0.8-cp38-cp38-manylinux_2_17_aarch64.manylinux2014_aarch64.whl", hash = "sha256:7990ca127e1f1beedaf8fc8bf66541d066ef4723ad7d8d47a7cbf842e0f47580"},
    {file = "Cython-3.0.8-cp38-cp38-manylinux_2_17_x86_64.manylinux2014_x86_64.whl", hash = "sha256:4b983c8e6803f016146c26854d9150ddad5662960c804ea7f0c752c9266752f0"},
    {file = "Cython-3.0.8-cp38-cp38-manylinux_2_5_i686.manylinux1_i686.manylinux_2_17_i686.manylinux2014_i686.whl", hash = "sha256:a973268d7ca1a2bdf78575e459a94a78e1a0a9bb62a7db0c50041949a73b02ff"},
    {file = "Cython-3.0.8-cp38-cp38-musllinux_1_1_aarch64.whl", hash = "sha256:61a237bc9dd23c7faef0fcfce88c11c65d0c9bb73c74ccfa408b3a012073c20e"},
    {file = "Cython-3.0.8-cp38-cp38-musllinux_1_1_x86_64.whl", hash = "sha256:3a3d67f079598af49e90ff9655bf85bd358f093d727eb21ca2708f467c489cae"},
    {file = "Cython-3.0.8-cp38-cp38-win32.whl", hash = "sha256:17a642bb01a693e34c914106566f59844b4461665066613913463a719e0dd15d"},
    {file = "Cython-3.0.8-cp38-cp38-win_amd64.whl", hash = "sha256:2cdfc32252f3b6dc7c94032ab744dcedb45286733443c294d8f909a4854e7f83"},
    {file = "Cython-3.0.8-cp39-cp39-macosx_10_9_x86_64.whl", hash = "sha256:fa97893d99385386925d00074654aeae3a98867f298d1e12ceaf38a9054a9bae"},
    {file = "Cython-3.0.8-cp39-cp39-manylinux_2_17_aarch64.manylinux2014_aarch64.whl", hash = "sha256:f05c0bf9d085c031df8f583f0d506aa3be1692023de18c45d0aaf78685bbb944"},
    {file = "Cython-3.0.8-cp39-cp39-manylinux_2_17_x86_64.manylinux2014_x86_64.whl", hash = "sha256:de892422582f5758bd8de187e98ac829330ec1007bc42c661f687792999988a7"},
    {file = "Cython-3.0.8-cp39-cp39-manylinux_2_5_i686.manylinux1_i686.manylinux_2_17_i686.manylinux2014_i686.whl", hash = "sha256:314f2355a1f1d06e3c431eaad4708cf10037b5e91e4b231d89c913989d0bdafd"},
    {file = "Cython-3.0.8-cp39-cp39-musllinux_1_1_aarch64.whl", hash = "sha256:78825a3774211e7d5089730f00cdf7f473042acc9ceb8b9eeebe13ed3a5541de"},
    {file = "Cython-3.0.8-cp39-cp39-musllinux_1_1_x86_64.whl", hash = "sha256:df8093deabc55f37028190cf5e575c26aad23fc673f34b85d5f45076bc37ce39"},
    {file = "Cython-3.0.8-cp39-cp39-win32.whl", hash = "sha256:1aca1b97e0095b3a9a6c33eada3f661a4ed0d499067d121239b193e5ba3bb4f0"},
    {file = "Cython-3.0.8-cp39-cp39-win_amd64.whl", hash = "sha256:16873d78be63bd38ffb759da7ab82814b36f56c769ee02b1d5859560e4c3ac3c"},
    {file = "Cython-3.0.8-py2.py3-none-any.whl", hash = "sha256:171b27051253d3f9108e9759e504ba59ff06e7f7ba944457f94deaf9c21bf0b6"},
    {file = "Cython-3.0.8.tar.gz", hash = "sha256:8333423d8fd5765e7cceea3a9985dd1e0a5dfeb2734629e1a2ed2d6233d39de6"},
]

[[package]]
name = "numpy"
version = "1.25.2"
description = "Fundamental package for array computing in Python"
optional = false
python-versions = ">=3.9"
files = [
    {file = "numpy-1.25.2-cp310-cp310-macosx_10_9_x86_64.whl", hash = "sha256:db3ccc4e37a6873045580d413fe79b68e47a681af8db2e046f1dacfa11f86eb3"},
    {file = "numpy-1.25.2-cp310-cp310-macosx_11_0_arm64.whl", hash = "sha256:90319e4f002795ccfc9050110bbbaa16c944b1c37c0baeea43c5fb881693ae1f"},
    {file = "numpy-1.25.2-cp310-cp310-manylinux_2_17_aarch64.manylinux2014_aarch64.whl", hash = "sha256:dfe4a913e29b418d096e696ddd422d8a5d13ffba4ea91f9f60440a3b759b0187"},
    {file = "numpy-1.25.2-cp310-cp310-manylinux_2_17_x86_64.manylinux2014_x86_64.whl", hash = "sha256:f08f2e037bba04e707eebf4bc934f1972a315c883a9e0ebfa8a7756eabf9e357"},
    {file = "numpy-1.25.2-cp310-cp310-musllinux_1_1_x86_64.whl", hash = "sha256:bec1e7213c7cb00d67093247f8c4db156fd03075f49876957dca4711306d39c9"},
    {file = "numpy-1.25.2-cp310-cp310-win32.whl", hash = "sha256:7dc869c0c75988e1c693d0e2d5b26034644399dd929bc049db55395b1379e044"},
    {file = "numpy-1.25.2-cp310-cp310-win_amd64.whl", hash = "sha256:834b386f2b8210dca38c71a6e0f4fd6922f7d3fcff935dbe3a570945acb1b545"},
    {file = "numpy-1.25.2-cp311-cp311-macosx_10_9_x86_64.whl", hash = "sha256:c5462d19336db4560041517dbb7759c21d181a67cb01b36ca109b2ae37d32418"},
    {file = "numpy-1.25.2-cp311-cp311-macosx_11_0_arm64.whl", hash = "sha256:c5652ea24d33585ea39eb6a6a15dac87a1206a692719ff45d53c5282e66d4a8f"},
    {file = "numpy-1.25.2-cp311-cp311-manylinux_2_17_aarch64.manylinux2014_aarch64.whl", hash = "sha256:0d60fbae8e0019865fc4784745814cff1c421df5afee233db6d88ab4f14655a2"},
    {file = "numpy-1.25.2-cp311-cp311-manylinux_2_17_x86_64.manylinux2014_x86_64.whl", hash = "sha256:60e7f0f7f6d0eee8364b9a6304c2845b9c491ac706048c7e8cf47b83123b8dbf"},
    {file = "numpy-1.25.2-cp311-cp311-musllinux_1_1_x86_64.whl", hash = "sha256:bb33d5a1cf360304754913a350edda36d5b8c5331a8237268c48f91253c3a364"},
    {file = "numpy-1.25.2-cp311-cp311-win32.whl", hash = "sha256:5883c06bb92f2e6c8181df7b39971a5fb436288db58b5a1c3967702d4278691d"},
    {file = "numpy-1.25.2-cp311-cp311-win_amd64.whl", hash = "sha256:5c97325a0ba6f9d041feb9390924614b60b99209a71a69c876f71052521d42a4"},
    {file = "numpy-1.25.2-cp39-cp39-macosx_10_9_x86_64.whl", hash = "sha256:b79e513d7aac42ae918db3ad1341a015488530d0bb2a6abcbdd10a3a829ccfd3"},
    {file = "numpy-1.25.2-cp39-cp39-macosx_11_0_arm64.whl", hash = "sha256:eb942bfb6f84df5ce05dbf4b46673ffed0d3da59f13635ea9b926af3deb76926"},
    {file = "numpy-1.25.2-cp39-cp39-manylinux_2_17_aarch64.manylinux2014_aarch64.whl", hash = "sha256:3e0746410e73384e70d286f93abf2520035250aad8c5714240b0492a7302fdca"},
    {file = "numpy-1.25.2-cp39-cp39-manylinux_2_17_x86_64.manylinux2014_x86_64.whl", hash = "sha256:d7806500e4f5bdd04095e849265e55de20d8cc4b661b038957354327f6d9b295"},
    {file = "numpy-1.25.2-cp39-cp39-musllinux_1_1_x86_64.whl", hash = "sha256:8b77775f4b7df768967a7c8b3567e309f617dd5e99aeb886fa14dc1a0791141f"},
    {file = "numpy-1.25.2-cp39-cp39-win32.whl", hash = "sha256:2792d23d62ec51e50ce4d4b7d73de8f67a2fd3ea710dcbc8563a51a03fb07b01"},
    {file = "numpy-1.25.2-cp39-cp39-win_amd64.whl", hash = "sha256:76b4115d42a7dfc5d485d358728cdd8719be33cc5ec6ec08632a5d6fca2ed380"},
    {file = "numpy-1.25.2-pp39-pypy39_pp73-macosx_10_9_x86_64.whl", hash = "sha256:1a1329e26f46230bf77b02cc19e900db9b52f398d6722ca853349a782d4cff55"},
    {file = "numpy-1.25.2-pp39-pypy39_pp73-manylinux_2_17_x86_64.manylinux2014_x86_64.whl", hash = "sha256:4c3abc71e8b6edba80a01a52e66d83c5d14433cbcd26a40c329ec7ed09f37901"},
    {file = "numpy-1.25.2-pp39-pypy39_pp73-win_amd64.whl", hash = "sha256:1b9735c27cea5d995496f46a8b1cd7b408b3f34b6d50459d9ac8fe3a20cc17bf"},
    {file = "numpy-1.25.2.tar.gz", hash = "sha256:fd608e19c8d7c55021dffd43bfe5492fab8cc105cc8986f813f8c3c048b38760"},
]

[[package]]
name = "opencv-python"
version = "4.8.1.78"
description = "Wrapper package for OpenCV python bindings."
optional = false
python-versions = ">=3.6"
files = [
    {file = "opencv-python-4.8.1.78.tar.gz", hash = "sha256:cc7adbbcd1112877a39274106cb2752e04984bc01a031162952e97450d6117f6"},
    {file = "opencv_python-4.8.1.78-cp37-abi3-macosx_10_16_x86_64.whl", hash = "sha256:91d5f6f5209dc2635d496f6b8ca6573ecdad051a09e6b5de4c399b8e673c60da"},
    {file = "opencv_python-4.8.1.78-cp37-abi3-macosx_11_0_arm64.whl", hash = "sha256:bc31f47e05447da8b3089faa0a07ffe80e114c91ce0b171e6424f9badbd1c5cd"},
    {file = "opencv_python-4.8.1.78-cp37-abi3-manylinux_2_17_aarch64.manylinux2014_aarch64.whl", hash = "sha256:9814beca408d3a0eca1bae7e3e5be68b07c17ecceb392b94170881216e09b319"},
    {file = "opencv_python-4.8.1.78-cp37-abi3-manylinux_2_17_x86_64.manylinux2014_x86_64.whl", hash = "sha256:c4c406bdb41eb21ea51b4e90dfbc989c002786c3f601c236a99c59a54670a394"},
    {file = "opencv_python-4.8.1.78-cp37-abi3-win32.whl", hash = "sha256:a7aac3900fbacf55b551e7b53626c3dad4c71ce85643645c43e91fcb19045e47"},
    {file = "opencv_python-4.8.1.78-cp37-abi3-win_amd64.whl", hash = "sha256:b983197f97cfa6fcb74e1da1802c7497a6f94ed561aba6980f1f33123f904956"},
]

[package.dependencies]
numpy = [
    {version = ">=1.21.2", markers = "python_version >= \"3.10\""},
    {version = ">=1.21.4", markers = "python_version >= \"3.10\" and platform_system == \"Darwin\""},
    {version = ">=1.23.5", markers = "python_version >= \"3.11\""},
    {version = ">=1.19.3", markers = "python_version >= \"3.6\" and platform_system == \"Linux\" and platform_machine == \"aarch64\" or python_version >= \"3.9\""},
    {version = ">=1.17.0", markers = "python_version >= \"3.7\""},
    {version = ">=1.17.3", markers = "python_version >= \"3.8\""},
]

[[package]]
name = "scipy"
version = "1.11.3"
description = "Fundamental algorithms for scientific computing in Python"
optional = false
python-versions = "<3.13,>=3.9"
files = [
    {file = "scipy-1.11.3-cp310-cp310-macosx_10_9_x86_64.whl", hash = "sha256:370f569c57e1d888304052c18e58f4a927338eafdaef78613c685ca2ea0d1fa0"},
    {file = "scipy-1.11.3-cp310-cp310-macosx_12_0_arm64.whl", hash = "sha256:9885e3e4f13b2bd44aaf2a1a6390a11add9f48d5295f7a592393ceb8991577a3"},
    {file = "scipy-1.11.3-cp310-cp310-manylinux_2_17_aarch64.manylinux2014_aarch64.whl", hash = "sha256:e04aa19acc324a1a076abb4035dabe9b64badb19f76ad9c798bde39d41025cdc"},
    {file = "scipy-1.11.3-cp310-cp310-manylinux_2_17_x86_64.manylinux2014_x86_64.whl", hash = "sha256:3e1a8a4657673bfae1e05e1e1d6e94b0cabe5ed0c7c144c8aa7b7dbb774ce5c1"},
    {file = "scipy-1.11.3-cp310-cp310-musllinux_1_1_x86_64.whl", hash = "sha256:7abda0e62ef00cde826d441485e2e32fe737bdddee3324e35c0e01dee65e2a88"},
    {file = "scipy-1.11.3-cp310-cp310-win_amd64.whl", hash = "sha256:033c3fd95d55012dd1148b201b72ae854d5086d25e7c316ec9850de4fe776929"},
    {file = "scipy-1.11.3-cp311-cp311-macosx_10_9_x86_64.whl", hash = "sha256:925c6f09d0053b1c0f90b2d92d03b261e889b20d1c9b08a3a51f61afc5f58165"},
    {file = "scipy-1.11.3-cp311-cp311-macosx_12_0_arm64.whl", hash = "sha256:5664e364f90be8219283eeb844323ff8cd79d7acbd64e15eb9c46b9bc7f6a42a"},
    {file = "scipy-1.11.3-cp311-cp311-manylinux_2_17_aarch64.manylinux2014_aarch64.whl", hash = "sha256:00f325434b6424952fbb636506f0567898dca7b0f7654d48f1c382ea338ce9a3"},
    {file = "scipy-1.11.3-cp311-cp311-manylinux_2_17_x86_64.manylinux2014_x86_64.whl", hash = "sha256:5f290cf561a4b4edfe8d1001ee4be6da60c1c4ea712985b58bf6bc62badee221"},
    {file = "scipy-1.11.3-cp311-cp311-musllinux_1_1_x86_64.whl", hash = "sha256:91770cb3b1e81ae19463b3c235bf1e0e330767dca9eb4cd73ba3ded6c4151e4d"},
    {file = "scipy-1.11.3-cp311-cp311-win_amd64.whl", hash = "sha256:e1f97cd89c0fe1a0685f8f89d85fa305deb3067d0668151571ba50913e445820"},
    {file = "scipy-1.11.3-cp312-cp312-macosx_10_9_x86_64.whl", hash = "sha256:dfcc1552add7cb7c13fb70efcb2389d0624d571aaf2c80b04117e2755a0c5d15"},
    {file = "scipy-1.11.3-cp312-cp312-macosx_12_0_arm64.whl", hash = "sha256:0d3a136ae1ff0883fffbb1b05b0b2fea251cb1046a5077d0b435a1839b3e52b7"},
    {file = "scipy-1.11.3-cp312-cp312-manylinux_2_17_aarch64.manylinux2014_aarch64.whl", hash = "sha256:bae66a2d7d5768eaa33008fa5a974389f167183c87bf39160d3fefe6664f8ddc"},
    {file = "scipy-1.11.3-cp312-cp312-manylinux_2_17_x86_64.manylinux2014_x86_64.whl", hash = "sha256:d2f6dee6cbb0e263b8142ed587bc93e3ed5e777f1f75448d24fb923d9fd4dce6"},
    {file = "scipy-1.11.3-cp312-cp312-musllinux_1_1_x86_64.whl", hash = "sha256:74e89dc5e00201e71dd94f5f382ab1c6a9f3ff806c7d24e4e90928bb1aafb280"},
    {file = "scipy-1.11.3-cp312-cp312-win_amd64.whl", hash = "sha256:90271dbde4be191522b3903fc97334e3956d7cfb9cce3f0718d0ab4fd7d8bfd6"},
    {file = "scipy-1.11.3-cp39-cp39-macosx_10_9_x86_64.whl", hash = "sha256:a63d1ec9cadecce838467ce0631c17c15c7197ae61e49429434ba01d618caa83"},
    {file = "scipy-1.11.3-cp39-cp39-macosx_12_0_arm64.whl", hash = "sha256:5305792c7110e32ff155aed0df46aa60a60fc6e52cd4ee02cdeb67eaccd5356e"},
    {file = "scipy-1.11.3-cp39-cp39-manylinux_2_17_aarch64.manylinux2014_aarch64.whl", hash = "sha256:9ea7f579182d83d00fed0e5c11a4aa5ffe01460444219dedc448a36adf0c3917"},
    {file = "scipy-1.11.3-cp39-cp39-manylinux_2_17_x86_64.manylinux2014_x86_64.whl", hash = "sha256:c77da50c9a91e23beb63c2a711ef9e9ca9a2060442757dffee34ea41847d8156"},
    {file = "scipy-1.11.3-cp39-cp39-musllinux_1_1_x86_64.whl", hash = "sha256:15f237e890c24aef6891c7d008f9ff7e758c6ef39a2b5df264650eb7900403c0"},
    {file = "scipy-1.11.3-cp39-cp39-win_amd64.whl", hash = "sha256:4b4bb134c7aa457e26cc6ea482b016fef45db71417d55cc6d8f43d799cdf9ef2"},
    {file = "scipy-1.11.3.tar.gz", hash = "sha256:bba4d955f54edd61899776bad459bf7326e14b9fa1c552181f0479cc60a568cd"},
]

[package.dependencies]
numpy = ">=1.21.6,<1.28.0"

[package.extras]
dev = ["click", "cython-lint (>=0.12.2)", "doit (>=0.36.0)", "mypy", "pycodestyle", "pydevtool", "rich-click", "ruff", "types-psutil", "typing_extensions"]
doc = ["jupytext", "matplotlib (>2)", "myst-nb", "numpydoc", "pooch", "pydata-sphinx-theme (==0.9.0)", "sphinx (!=4.1.0)", "sphinx-design (>=0.2.0)"]
test = ["asv", "gmpy2", "mpmath", "pooch", "pytest", "pytest-cov", "pytest-timeout", "pytest-xdist", "scikit-umfpack", "threadpoolctl"]

[metadata]
lock-version = "2.0"
python-versions = ">=3.10.12,<3.13"
content-hash = "17d0452faac6fa9941c00695e40a68c7118324ec29a59180730db52735c8ef46"
